{
    "_readme": [
        "This file locks the dependencies of your project to a known state",
        "Read more about it at https://getcomposer.org/doc/01-basic-usage.md#composer-lock-the-lock-file",
        "This file is @generated automatically"
    ],
    "content-hash": "d73d9030e7aeab9e1bd6e94a70548fad",
    "packages": [
        {
            "name": "b-b3rn4rd/phplame",
            "version": "dev-master",
            "source": {
                "type": "git",
                "url": "https://github.com/b-b3rn4rd/phplame.git",
                "reference": "5551e44c7a55ba35e9e4bc11ccee6dda18e23a9b"
            },
            "dist": {
                "type": "zip",
                "url": "https://api.github.com/repos/b-b3rn4rd/phplame/zipball/5551e44c7a55ba35e9e4bc11ccee6dda18e23a9b",
                "reference": "5551e44c7a55ba35e9e4bc11ccee6dda18e23a9b",
                "shasum": ""
            },
            "require": {
                "php": ">=5.3"
            },
            "require-dev": {
                "mikey179/vfsstream": ">=1",
                "phpunit/phpunit": ">=3.7",
                "satooshi/php-coveralls": "dev-master"
            },
            "type": "library",
            "autoload": {
                "psr-0": {
                    "Lame\\": "lib/"
                }
            },
            "notification-url": "https://packagist.org/downloads/",
            "authors": [
                {
                    "name": "Bernard Baltrusaitis",
                    "email": "bernard@runawaylover.info"
                }
            ],
            "description": "PHP wrapper for LAME (MP3 encoder)",
            "keywords": [
                "encoder",
                "lame-php",
                "mp3",
                "mp3 encoder",
                "wrapper"
            ],
            "time": "2014-12-23 08:49:58"
        }
    ],
    "packages-dev": [],
    "aliases": [],
    "minimum-stability": "dev",
    "stability-flags": {
        "b-b3rn4rd/phplame": 20
    },
    "prefer-stable": false,
    "prefer-lowest": false,
    "platform": [],
    "platform-dev": []
}
